# @generated - this file is auto-generated by `mise lock` https://mise.jdx.dev/dev-tools/mise-lock.html

[[tools.pre-commit]]
version = "4.2.0"
backend = "aqua:pre-commit/pre-commit"

[tools.pre-commit."platforms.linux-arm64"]
checksum = "sha256:0d4d80fd598dd1f7c268569de49e7c7a692a3de6f7a97cf14ad4e6cce993bbdf"
url = "https://github.com/pre-commit/pre-commit/releases/download/v4.2.0/pre-commit-4.2.0.pyz"
url_api = "https://api.github.com/repos/pre-commit/pre-commit/releases/assets/238677157"

[tools.pre-commit."platforms.linux-arm64-musl"]
checksum = "sha256:0d4d80fd598dd1f7c268569de49e7c7a692a3de6f7a97cf14ad4e6cce993bbdf"
url = "https://github.com/pre-commit/pre-commit/releases/download/v4.2.0/pre-commit-4.2.0.pyz"
url_api = "https://api.github.com/repos/pre-commit/pre-commit/releases/assets/238677157"

[tools.pre-commit."platforms.linux-x64"]
checksum = "sha256:0d4d80fd598dd1f7c268569de49e7c7a692a3de6f7a97cf14ad4e6cce993bbdf"
url = "https://github.com/pre-commit/pre-commit/releases/download/v4.2.0/pre-commit-4.2.0.pyz"
url_api = "https://api.github.com/repos/pre-commit/pre-commit/releases/assets/238677157"

[tools.pre-commit."platforms.linux-x64-musl"]
checksum = "sha256:0d4d80fd598dd1f7c268569de49e7c7a692a3de6f7a97cf14ad4e6cce993bbdf"
url = "https://github.com/pre-commit/pre-commit/releases/download/v4.2.0/pre-commit-4.2.0.pyz"
url_api = "https://api.github.com/repos/pre-commit/pre-commit/releases/assets/238677157"

[tools.pre-commit."platforms.macos-arm64"]
checksum = "sha256:0d4d80fd598dd1f7c268569de49e7c7a692a3de6f7a97cf14ad4e6cce993bbdf"
url = "https://github.com/pre-commit/pre-commit/releases/download/v4.2.0/pre-commit-4.2.0.pyz"
url_api = "https://api.github.com/repos/pre-commit/pre-commit/releases/assets/238677157"

[tools.pre-commit."platforms.macos-x64"]
checksum = "sha256:0d4d80fd598dd1f7c268569de49e7c7a692a3de6f7a97cf14ad4e6cce993bbdf"
url = "https://github.com/pre-commit/pre-commit/releases/download/v4.2.0/pre-commit-4.2.0.pyz"
url_api = "https://api.github.com/repos/pre-commit/pre-commit/releases/assets/238677157"

[[tools.python]]
version = "3.12.10"
backend = "core:python"

[tools.python."platforms.linux-arm64"]
checksum = "sha256:235d0666528a8e948896f68c08964dc8dd14a54c68e5cbd4924594d2e20f81b9"
url = "https://github.com/astral-sh/python-build-standalone/releases/download/20250529/cpython-3.12.10+20250529-aarch64-unknown-linux-gnu-install_only_stripped.tar.gz"
provenance = "github-attestations"

[tools.python."platforms.linux-x64"]
checksum = "sha256:f50d08e0304b15d752b22932047135c1dc02f81977b284e51288be9d90627bca"
url = "https://github.com/astral-sh/python-build-standalone/releases/download/20250529/cpython-3.12.10+20250529-x86_64-unknown-linux-gnu-install_only_stripped.tar.gz"
provenance = "github-attestations"

[tools.python."platforms.linux-x64-musl"]
checksum = "sha256:ebcb774652aeaa10c8b9a5825be257e7b21b604aac1bac2d3f6f1403de116ce8"
url = "https://github.com/astral-sh/python-build-standalone/releases/download/20250529/cpython-3.12.10+20250529-x86_64-unknown-linux-musl-install_only_stripped.tar.gz"
provenance = "github-attestations"

[tools.python."platforms.macos-arm64"]
checksum = "sha256:2579c9ffcbb0a745f1de3d645612c7466269eb9a23316a54ece49d50c1c9122f"
url = "https://github.com/astral-sh/python-build-standalone/releases/download/20250529/cpython-3.12.10+20250529-aarch64-apple-darwin-install_only_stripped.tar.gz"
provenance = "github-attestations"

[tools.python."platforms.macos-x64"]
checksum = "sha256:f171af578ecdbbcf63cbb0abd08f382df3e0d091e98c3161b3f84cd9d0acc0fd"
url = "https://github.com/astral-sh/python-build-standalone/releases/download/20250529/cpython-3.12.10+20250529-x86_64-apple-darwin-install_only_stripped.tar.gz"
provenance = "github-attestations"

[tools.python."platforms.windows-x64"]
checksum = "sha256:ca22a9a9e64ecab6d0b5de7cdf8b679ccaa41e9def6aaa2b4aaa6bb23ec7aaba"
url = "https://github.com/astral-sh/python-build-standalone/releases/download/20250529/cpython-3.12.10+20250529-x86_64-pc-windows-msvc-install_only_stripped.tar.gz"
provenance = "github-attestations"

[[tools.terraform]]
version = "1.15.8"
backend = "aqua:hashicorp/terraform"

[tools.terraform."platforms.linux-arm64"]
checksum = "sha256:8891e9dcedc9e3b8950bc6af9d4d8af1f4cfade3062f53b9dc403a89f6ce8c9c"
url = "https://releases.hashicorp.com/terraform/1.15.8/terraform_1.15.8_linux_arm64.zip"

[tools.terraform."platforms.linux-arm64-musl"]
checksum = "sha256:8891e9dcedc9e3b8950bc6af9d4d8af1f4cfade3062f53b9dc403a89f6ce8c9c"
url = "https://releases.hashicorp.com/terraform/1.15.8/terraform_1.15.8_linux_arm64.zip"

[tools.terraform."platforms.linux-x64"]
checksum = "sha256:d25ce7b6902013ad905db3d2eab0be4cd905887fe88b81a6171b8d5503c31f3d"
url = "https://releases.hashicorp.com/terraform/1.15.8/terraform_1.15.8_linux_amd64.zip"

[tools.terraform."platforms.linux-x64-musl"]
checksum = "sha256:d25ce7b6902013ad905db3d2eab0be4cd905887fe88b81a6171b8d5503c31f3d"
url = "https://releases.hashicorp.com/terraform/1.15.8/terraform_1.15.8_linux_amd64.zip"

[tools.terraform."platforms.macos-arm64"]
checksum = "sha256:f210110c5698b94d803a7a63cdb0251b5455c150841478808e2bbb343f95ed68"
url = "https://releases.hashicorp.com/terraform/1.15.8/terraform_1.15.8_darwin_arm64.zip"

[tools.terraform."platforms.macos-x64"]
checksum = "sha256:e2e812e783771159bf758fd4e55d6dc9bb08f63e2af2c63d212721807a02c5dc"
url = "https://releases.hashicorp.com/terraform/1.15.8/terraform_1.15.8_darwin_amd64.zip"

[tools.terraform."platforms.windows-x64"]
checksum = "sha256:2ff41d2129afb1982733c132c61a8d6ef038f879f3aeede7fc28b8b8b24acf02"
url = "https://releases.hashicorp.com/terraform/1.15.8/terraform_1.15.8_windows_amd64.zip"

[[tools.tflint]]
version = "0.63.1"
backend = "aqua:terraform-linters/tflint"

[tools.tflint."platforms.linux-arm64"]
checksum = "sha256:6d858ca7f11858c3fe3c5e29cc746823abccb55e2d2e2da130fa7ad7ea4eecb8"
url = "https://github.com/terraform-linters/tflint/releases/download/v0.63.1/tflint_linux_arm64.zip"
url_api = "https://api.github.com/repos/terraform-linters/tflint/releases/assets/437446187"
provenance = "github-attestations"

[tools.tflint."platforms.linux-arm64-musl"]
checksum = "sha256:6d858ca7f11858c3fe3c5e29cc746823abccb55e2d2e2da130fa7ad7ea4eecb8"
url = "https://github.com/terraform-linters/tflint/releases/download/v0.63.1/tflint_linux_arm64.zip"
url_api = "https://api.github.com/repos/terraform-linters/tflint/releases/assets/437446187"
provenance = "github-attestations"

[tools.tflint."platforms.linux-x64"]
checksum = "sha256:8441a7d97df20431f19c9b9d27ff4c63e308c964e86660bc7cc0cf7bbe0725e8"
url = "https://github.com/terraform-linters/tflint/releases/download/v0.63.1/tflint_linux_amd64.zip"
url_api = "https://api.github.com/repos/terraform-linters/tflint/releases/assets/437446150"
provenance = "github-attestations"

[tools.tflint."platforms.linux-x64-musl"]
checksum = "sha256:8441a7d97df20431f19c9b9d27ff4c63e308c964e86660bc7cc0cf7bbe0725e8"
url = "https://github.com/terraform-linters/tflint/releases/download/v0.63.1/tflint_linux_amd64.zip"
url_api = "https://api.github.com/repos/terraform-linters/tflint/releases/assets/437446150"
provenance = "github-attestations"

[tools.tflint."platforms.macos-arm64"]
checksum = "sha256:6aab157b22367dcab1635b370e98d6e791d9b40b021d4f9baef010d88f53e16b"
url = "https://github.com/terraform-linters/tflint/releases/download/v0.63.1/tflint_darwin_arm64.zip"
url_api = "https://api.github.com/repos/terraform-linters/tflint/releases/assets/437446148"
provenance = "github-attestations"

[tools.tflint."platforms.macos-x64"]
checksum = "sha256:1a22782473e4a01f0dd23edc649bed4420655a9e3459ffc06951e698eed7ad01"
url = "https://github.com/terraform-linters/tflint/releases/download/v0.63.1/tflint_darwin_amd64.zip"
url_api = "https://api.github.com/repos/terraform-linters/tflint/releases/assets/437446152"
provenance = "github-attestations"

[tools.tflint."platforms.windows-x64"]
checksum = "sha256:5fbfb643b83c4ad489bde15a0e0d46e53dc9aa8dfa76d25da3c4bd2698a41a19"
url = "https://github.com/terraform-linters/tflint/releases/download/v0.63.1/tflint_windows_amd64.zip"
url_api = "https://api.github.com/repos/terraform-linters/tflint/releases/assets/437446181"
provenance = "github-attestations"

[[tools.trivy]]
version = "0.71.2"
backend = "aqua:aquasecurity/trivy"

[tools.trivy."platforms.linux-arm64"]
checksum = "sha256:fe1c7106e15a5365d485b098a8c338f91e3b7ba71cb0e4963b98a3a098763cfc"
url = "https://github.com/aquasecurity/trivy/releases/download/v0.71.2/trivy_0.71.2_Linux-ARM64.tar.gz"
url_api = "https://api.github.com/repos/aquasecurity/trivy/releases/assets/452086441"
provenance = "cosign"

[tools.trivy."platforms.linux-arm64-musl"]
checksum = "sha256:fe1c7106e15a5365d485b098a8c338f91e3b7ba71cb0e4963b98a3a098763cfc"
url = "https://github.com/aquasecurity/trivy/releases/download/v0.71.2/trivy_0.71.2_Linux-ARM64.tar.gz"
url_api = "https://api.github.com/repos/aquasecurity/trivy/releases/assets/452086441"
provenance = "cosign"

[tools.trivy."platforms.linux-x64"]
checksum = "sha256:0510e71e2fd39bf863856d499c8dc19feb4e7336546394c502a8f5cc7ab27460"
url = "https://github.com/aquasecurity/trivy/releases/download/v0.71.2/trivy_0.71.2_Linux-64bit.tar.gz"
url_api = "https://api.github.com/repos/aquasecurity/trivy/releases/assets/452086497"
provenance = "cosign"

[tools.trivy."platforms.linux-x64-musl"]
checksum = "sha256:0510e71e2fd39bf863856d499c8dc19feb4e7336546394c502a8f5cc7ab27460"
url = "https://github.com/aquasecurity/trivy/releases/download/v0.71.2/trivy_0.71.2_Linux-64bit.tar.gz"
url_api = "https://api.github.com/repos/aquasecurity/trivy/releases/assets/452086497"
provenance = "cosign"

[tools.trivy."platforms.macos-arm64"]
checksum = "sha256:a9f585cad53542a54ef286b5fa4199d081e5a061f8894635bdf3ce2608ece7a9"
url = "https://github.com/aquasecurity/trivy/releases/download/v0.71.2/trivy_0.71.2_macOS-ARM64.tar.gz"
url_api = "https://api.github.com/repos/aquasecurity/trivy/releases/assets/452086485"
provenance = "cosign"

[tools.trivy."platforms.macos-x64"]
checksum = "sha256:c27bcf4ddd281aecb7267eb5df804ec49ac0f8fa23fe018d33932e17f30a38bf"
url = "https://github.com/aquasecurity/trivy/releases/download/v0.71.2/trivy_0.71.2_macOS-64bit.tar.gz"
url_api = "https://api.github.com/repos/aquasecurity/trivy/releases/assets/452086439"
provenance = "cosign"

[tools.trivy."platforms.windows-x64"]
checksum = "sha256:ea31c2a927382410cfa2b4eb5970aed62308cf28902e1d167ea36bbfa0515095"
url = "https://github.com/aquasecurity/trivy/releases/download/v0.71.2/trivy_0.71.2_windows-64bit.zip"
url_api = "https://api.github.com/repos/aquasecurity/trivy/releases/assets/452086442"
provenance = "cosign"

[[tools.uv]]
version = "0.11.28"
backend = "aqua:astral-sh/uv"

[tools.uv."platforms.linux-arm64"]
checksum = "sha256:da10cdfa7d92212b7acb62021a0fd61bcf8580c58c3632ec915d10c3a1a7906b"
url = "https://github.com/astral-sh/uv/releases/download/0.11.28/uv-aarch64-unknown-linux-musl.tar.gz"
url_api = "https://api.github.com/repos/astral-sh/uv/releases/assets/469655715"
provenance = "github-attestations"

[tools.uv."platforms.linux-arm64-musl"]
checksum = "sha256:da10cdfa7d92212b7acb62021a0fd61bcf8580c58c3632ec915d10c3a1a7906b"
url = "https://github.com/astral-sh/uv/releases/download/0.11.28/uv-aarch64-unknown-linux-musl.tar.gz"
url_api = "https://api.github.com/repos/astral-sh/uv/releases/assets/469655715"
provenance = "github-attestations"

[tools.uv."platforms.linux-x64"]
checksum = "sha256:f02146b371c35c287d860f003ece7345c86e358a3fd70a9b63700cd141ee7fb4"
url = "https://github.com/astral-sh/uv/releases/download/0.11.28/uv-x86_64-unknown-linux-musl.tar.gz"
url_api = "https://api.github.com/repos/astral-sh/uv/releases/assets/469655835"
provenance = "github-attestations"

[tools.uv."platforms.linux-x64-musl"]
checksum = "sha256:f02146b371c35c287d860f003ece7345c86e358a3fd70a9b63700cd141ee7fb4"
url = "https://github.com/astral-sh/uv/releases/download/0.11.28/uv-x86_64-unknown-linux-musl.tar.gz"
url_api = "https://api.github.com/repos/astral-sh/uv/releases/assets/469655835"
provenance = "github-attestations"

[tools.uv."platforms.macos-arm64"]
checksum = "sha256:33540eb7c883ab857eff79bd5ac2aa31fe27b595abecb4a9c003a2c998447232"
url = "https://github.com/astral-sh/uv/releases/download/0.11.28/uv-aarch64-apple-darwin.tar.gz"
url_api = "https://api.github.com/repos/astral-sh/uv/releases/assets/469655699"
provenance = "github-attestations"

[tools.uv."platforms.macos-x64"]
checksum = "sha256:2ad79983127ffca7d77b77ce6a24278d7e4f7b817a1acf72fea5f8124b4aac5e"
url = "https://github.com/astral-sh/uv/releases/download/0.11.28/uv-x86_64-apple-darwin.tar.gz"
url_api = "https://api.github.com/repos/astral-sh/uv/releases/assets/469655811"
provenance = "github-attestations"

[tools.uv."platforms.windows-x64"]
checksum = "sha256:0a23463216d09c6a72ff80ef5dc5a795f07dc1575cb84d24596c2f124a441b7b"
url = "https://github.com/astral-sh/uv/releases/download/0.11.28/uv-x86_64-pc-windows-msvc.zip"
url_api = "https://api.github.com/repos/astral-sh/uv/releases/assets/469655815"
provenance = "github-attestations"
